
Microsoft Visual Studio Solution File, Format Version 12.00
# Visual Studio 14
VisualStudioVersion = 14.0.23107.0
MinimumVisualStudioVersion = 10.0.40219.1
Project("{FAE04EC0-301F-11D3-BF4B-00C04F79EFBC}") = "ImageGallery.Api", "server\ImageGallery.Api\ImageGallery.Api.csproj", "{2CFEA231-7C53-45EC-9129-0DB97929C686}"
EndProject
Project("{2150E333-8FDC-42A3-9474-1A3956D46DE8}") = "Server", "Server", "{4B85CD7B-86CF-4CB2-A051-07A7B503A992}"
EndProject
Project("{2150E333-8FDC-42A3-9474-1A3956D46DE8}") = "Data", "Data", "{32DC46A7-EE24-41F1-B3D1-1FDB78ACFFA0}"
EndProject
Project("{FAE04EC0-301F-11D3-BF4B-00C04F79EFBC}") = "ImageGallery.Models", "Data\ImageGallery.Models\ImageGallery.Models.csproj", "{1CFDBDAA-3DA7-49B3-A639-232C39E30D06}"
EndProject
Project("{FAE04EC0-301F-11D3-BF4B-00C04F79EFBC}") = "ImageGallery.Data", "data\ImageGallery.Data\ImageGallery.Data.csproj", "{70A3DDB0-8927-404C-850A-E7510234F772}"
EndProject
Project("{FAE04EC0-301F-11D3-BF4B-00C04F79EFBC}") = "ImageGallery.Common", "ImageGallery.Common\ImageGallery.Common.csproj", "{3B3514CA-4B9D-4FCA-9FB1-D8106B1D07F3}"
EndProject
Project("{2150E333-8FDC-42A3-9474-1A3956D46DE8}") = "Services", "Services", "{A83425C2-6DA9-44C1-BCBE-00433D70B625}"
EndProject
Project("{FAE04EC0-301F-11D3-BF4B-00C04F79EFBC}") = "ImageGallery.Services.Data", "Services\ImageGallery.Services.Data\ImageGallery.Services.Data.csproj", "{1076E136-4C00-4B5A-8C70-68E80F3497A7}"
EndProject
Project("{2150E333-8FDC-42A3-9474-1A3956D46DE8}") = "Tests", "Tests", "{8F19DF10-9338-4631-B9F8-2AA90E52C87C}"
EndProject
Project("{FAE04EC0-301F-11D3-BF4B-00C04F79EFBC}") = "ImageGallery.Services.Data.Tests", "ImageGallery.Services.Data.Tests\ImageGallery.Services.Data.Tests.csproj", "{3F7B929B-1D87-4C1B-AA39-4515493A993C}"
EndProject
Project("{2150E333-8FDC-42A3-9474-1A3956D46DE8}") = "Solution Items", "Solution Items", "{C99BD80A-5FCD-4206-802A-CE2F26F3E317}"
	ProjectSection(SolutionItems) = preProject
		README.md = README.md
	EndProjectSection
EndProject
Global
	GlobalSection(SolutionConfigurationPlatforms) = preSolution
		Debug|Any CPU = Debug|Any CPU
		Release|Any CPU = Release|Any CPU
	EndGlobalSection
	GlobalSection(ProjectConfigurationPlatforms) = postSolution
		{2CFEA231-7C53-45EC-9129-0DB97929C686}.Debug|Any CPU.ActiveCfg = Debug|Any CPU
		{2CFEA231-7C53-45EC-9129-0DB97929C686}.Debug|Any CPU.Build.0 = Debug|Any CPU
		{2CFEA231-7C53-45EC-9129-0DB97929C686}.Release|Any CPU.ActiveCfg = Release|Any CPU
		{2CFEA231-7C53-45EC-9129-0DB97929C686}.Release|Any CPU.Build.0 = Release|Any CPU
		{1CFDBDAA-3DA7-49B3-A639-232C39E30D06}.Debug|Any CPU.ActiveCfg = Debug|Any CPU
		{1CFDBDAA-3DA7-49B3-A639-232C39E30D06}.Debug|Any CPU.Build.0 = Debug|Any CPU
		{1CFDBDAA-3DA7-49B3-A639-232C39E30D06}.Release|Any CPU.ActiveCfg = Release|Any CPU
		{1CFDBDAA-3DA7-49B3-A639-232C39E30D06}.Release|Any CPU.Build.0 = Release|Any CPU
		{70A3DDB0-8927-404C-850A-E7510234F772}.Debug|Any CPU.ActiveCfg = Debug|Any CPU
		{70A3DDB0-8927-404C-850A-E7510234F772}.Debug|Any CPU.Build.0 = Debug|Any CPU
		{70A3DDB0-8927-404C-850A-E7510234F772}.Release|Any CPU.ActiveCfg = Release|Any CPU
		{70A3DDB0-8927-404C-850A-E7510234F772}.Release|Any CPU.Build.0 = Release|Any CPU
		{3B3514CA-4B9D-4FCA-9FB1-D8106B1D07F3}.Debug|Any CPU.ActiveCfg = Debug|Any CPU
		{3B3514CA-4B9D-4FCA-9FB1-D8106B1D07F3}.Debug|Any CPU.Build.0 = Debug|Any CPU
		{3B3514CA-4B9D-4FCA-9FB1-D8106B1D07F3}.Release|Any CPU.ActiveCfg = Release|Any CPU
		{3B3514CA-4B9D-4FCA-9FB1-D8106B1D07F3}.Release|Any CPU.Build.0 = Release|Any CPU
		{1076E136-4C00-4B5A-8C70-68E80F3497A7}.Debug|Any CPU.ActiveCfg = Debug|Any CPU
		{1076E136-4C00-4B5A-8C70-68E80F3497A7}.Debug|Any CPU.Build.0 = Debug|Any CPU
		{1076E136-4C00-4B5A-8C70-68E80F3497A7}.Release|Any CPU.ActiveCfg = Release|Any CPU
		{1076E136-4C00-4B5A-8C70-68E80F3497A7}.Release|Any CPU.Build.0 = Release|Any CPU
		{3F7B929B-1D87-4C1B-AA39-4515493A993C}.Debug|Any CPU.ActiveCfg = Debug|Any CPU
		{3F7B929B-1D87-4C1B-AA39-4515493A993C}.Debug|Any CPU.Build.0 = Debug|Any CPU
		{3F7B929B-1D87-4C1B-AA39-4515493A993C}.Release|Any CPU.ActiveCfg = Release|Any CPU
		{3F7B929B-1D87-4C1B-AA39-4515493A993C}.Release|Any CPU.Build.0 = Release|Any CPU
	EndGlobalSection
	GlobalSection(SolutionProperties) = preSolution
		HideSolutionNode = FALSE
	EndGlobalSection
	GlobalSection(NestedProjects) = preSolution
		{2CFEA231-7C53-45EC-9129-0DB97929C686} = {4B85CD7B-86CF-4CB2-A051-07A7B503A992}
		{1CFDBDAA-3DA7-49B3-A639-232C39E30D06} = {32DC46A7-EE24-41F1-B3D1-1FDB78ACFFA0}
		{70A3DDB0-8927-404C-850A-E7510234F772} = {32DC46A7-EE24-41F1-B3D1-1FDB78ACFFA0}
		{1076E136-4C00-4B5A-8C70-68E80F3497A7} = {A83425C2-6DA9-44C1-BCBE-00433D70B625}
		{3F7B929B-1D87-4C1B-AA39-4515493A993C} = {8F19DF10-9338-4631-B9F8-2AA90E52C87C}
	EndGlobalSection
EndGlobal
